
Microsoft Visual Studio Solution File, Format Version 12.00
# Visual Studio Version 17
VisualStudioVersion = 17.4.33103.184
MinimumVisualStudioVersion = 10.0.40219.1
Project("{FAE04EC0-301F-11D3-BF4B-00C04F79EFBC}") = "Ceaser'sCipher_WinForm", "Ceaser'sCipher_WinForm\Ceaser'sCipher_WinForm.csproj", "{6ED2CC59-4818-42AF-8B44-5830DA16B69A}"
EndProject
Global
	GlobalSection(SolutionConfigurationPlatforms) = preSolution
		Debug|Any CPU = Debug|Any CPU
		Release|Any CPU = Release|Any CPU
	EndGlobalSection
	GlobalSection(ProjectConfigurationPlatforms) = postSolution
		{6ED2CC59-4818-42AF-8B44-5830DA16B69A}.Debug|Any CPU.ActiveCfg = Debug|Any CPU
		{6ED2CC59-4818-42AF-8B44-5830DA16B69A}.Debug|Any CPU.Build.0 = Debug|Any CPU
		{6ED2CC59-4818-42AF-8B44-5830DA16B69A}.Release|Any CPU.ActiveCfg = Release|Any CPU
		{6ED2CC59-4818-42AF-8B44-5830DA16B69A}.Release|Any CPU.Build.0 = Release|Any CPU
	EndGlobalSection
	GlobalSection(SolutionProperties) = preSolution
		HideSolutionNode = FALSE
	EndGlobalSection
	GlobalSection(ExtensibilityGlobals) = postSolution
		SolutionGuid = {B1B20A02-17F6-4D1D-97C2-AD48E9BE7846}
	EndGlobalSection
EndGlobal
